
Microsoft Visual Studio Solution File, Format Version 12.00
# Visual Studio Version 16
VisualStudioVersion = 16.0.35026.282
MinimumVisualStudioVersion = 10.0.40219.1
Project("{FAE04EC0-301F-11D3-BF4B-00C04F79EFBC}") = "EmployeeManagementSystem", "WindowsFormsApp1\EmployeeManagementSystem.csproj", "{338A61CF-15E4-4FA3-80D0-3C847F5F4A92}"
EndProject
Global
	GlobalSection(SolutionConfigurationPlatforms) = preSolution
		Debug|Any CPU = Debug|Any CPU
		Release|Any CPU = Release|Any CPU
	EndGlobalSection
	GlobalSection(ProjectConfigurationPlatforms) = postSolution
		{338A61CF-15E4-4FA3-80D0-3C847F5F4A92}.Debug|Any CPU.ActiveCfg = Debug|Any CPU
		{338A61CF-15E4-4FA3-80D0-3C847F5F4A92}.Debug|Any CPU.Build.0 = Debug|Any CPU
		{338A61CF-15E4-4FA3-80D0-3C847F5F4A92}.Release|Any CPU.ActiveCfg = Release|Any CPU
		{338A61CF-15E4-4FA3-80D0-3C847F5F4A92}.Release|Any CPU.Build.0 = Release|Any CPU
	EndGlobalSection
	GlobalSection(SolutionProperties) = preSolution
		HideSolutionNode = FALSE
	EndGlobalSection
	GlobalSection(ExtensibilityGlobals) = postSolution
		SolutionGuid = {9B2401A2-1794-4B48-B62D-680A49DC60E7}
	EndGlobalSection
EndGlobal
